
Microsoft Visual Studio Solution File, Format Version 12.00
# Visual Studio Version 17
VisualStudioVersion = 17.1.32210.238
MinimumVisualStudioVersion = 10.0.40219.1
Project("{FAE04EC0-301F-11D3-BF4B-00C04F79EFBC}") = "Algorithms.NET", "Algorithms.NET\Algorithms.NET.csproj", "{32BB5AAB-03BC-4B27-9BEF-9BB8C7FEC8C8}"
EndProject
Project("{FAE04EC0-301F-11D3-BF4B-00C04F79EFBC}") = "Algorithms.NET.Debug", "Algorithms.NET.Debug\Algorithms.NET.Debug.csproj", "{1187D04D-BADD-40AF-873B-B5E24B2A0186}"
EndProject
Global
	GlobalSection(SolutionConfigurationPlatforms) = preSolution
		Debug|Any CPU = Debug|Any CPU
		Release|Any CPU = Release|Any CPU
	EndGlobalSection
	GlobalSection(ProjectConfigurationPlatforms) = postSolution
		{32BB5AAB-03BC-4B27-9BEF-9BB8C7FEC8C8}.Debug|Any CPU.ActiveCfg = Debug|Any CPU
		{32BB5AAB-03BC-4B27-9BEF-9BB8C7FEC8C8}.Debug|Any CPU.Build.0 = Debug|Any CPU
		{32BB5AAB-03BC-4B27-9BEF-9BB8C7FEC8C8}.Release|Any CPU.ActiveCfg = Release|Any CPU
		{32BB5AAB-03BC-4B27-9BEF-9BB8C7FEC8C8}.Release|Any CPU.Build.0 = Release|Any CPU
		{1187D04D-BADD-40AF-873B-B5E24B2A0186}.Debug|Any CPU.ActiveCfg = Debug|Any CPU
		{1187D04D-BADD-40AF-873B-B5E24B2A0186}.Debug|Any CPU.Build.0 = Debug|Any CPU
		{1187D04D-BADD-40AF-873B-B5E24B2A0186}.Release|Any CPU.ActiveCfg = Release|Any CPU
		{1187D04D-BADD-40AF-873B-B5E24B2A0186}.Release|Any CPU.Build.0 = Release|Any CPU
	EndGlobalSection
	GlobalSection(SolutionProperties) = preSolution
		HideSolutionNode = FALSE
	EndGlobalSection
	GlobalSection(ExtensibilityGlobals) = postSolution
		SolutionGuid = {6F941A2A-1240-4F21-94DE-063D493A91ED}
	EndGlobalSection
EndGlobal
